
Microsoft Visual Studio Solution File, Format Version 12.00
# Visual Studio Version 17
VisualStudioVersion = 17.1.32210.238
MinimumVisualStudioVersion = 10.0.40219.1
Project("{9A19103F-16F7-4668-BE54-9A1E7A4F7556}") = "MS_taxInvoice.api.Product", "MS_taxInvoice.api.Product\MS_taxInvoice.api.Product.csproj", "{15515D9F-721F-4DEB-A426-09A186602EE3}"
EndProject
Project("{9A19103F-16F7-4668-BE54-9A1E7A4F7556}") = "MS_taxInvoice.api.TaxInvoice", "MS_taxInvoice.api.TaxInvoice\MS_taxInvoice.api.TaxInvoice.csproj", "{889B54A9-B4C7-412F-91C3-655EAF668718}"
EndProject
Project("{9A19103F-16F7-4668-BE54-9A1E7A4F7556}") = "MS_taxInvoice.api.Details", "MS_taxInvoice.api.Details\MS_taxInvoice.api.Details.csproj", "{F44A2B93-FBCC-4256-BC37-E6D46755479B}"
EndProject
Project("{9A19103F-16F7-4668-BE54-9A1E7A4F7556}") = "MS_taxInvoice.api.Search", "MS_taxInvoice.api.Search\MS_taxInvoice.api.Search.csproj", "{C47DA068-9358-4772-A2BC-C264D064B921}"
EndProject
Project("{9A19103F-16F7-4668-BE54-9A1E7A4F7556}") = "MS_taxInvoice.api.Product.Tests", "MS_taxInvoice.api.Product.Tests\MS_taxInvoice.api.Product.Tests.csproj", "{46AAF14C-EEB6-4000-8628-799D616CD5F4}"
EndProject
Global
	GlobalSection(SolutionConfigurationPlatforms) = preSolution
		Debug|Any CPU = Debug|Any CPU
		Release|Any CPU = Release|Any CPU
	EndGlobalSection
	GlobalSection(ProjectConfigurationPlatforms) = postSolution
		{15515D9F-721F-4DEB-A426-09A186602EE3}.Debug|Any CPU.ActiveCfg = Debug|Any CPU
		{15515D9F-721F-4DEB-A426-09A186602EE3}.Debug|Any CPU.Build.0 = Debug|Any CPU
		{15515D9F-721F-4DEB-A426-09A186602EE3}.Release|Any CPU.ActiveCfg = Release|Any CPU
		{15515D9F-721F-4DEB-A426-09A186602EE3}.Release|Any CPU.Build.0 = Release|Any CPU
		{889B54A9-B4C7-412F-91C3-655EAF668718}.Debug|Any CPU.ActiveCfg = Debug|Any CPU
		{889B54A9-B4C7-412F-91C3-655EAF668718}.Debug|Any CPU.Build.0 = Debug|Any CPU
		{889B54A9-B4C7-412F-91C3-655EAF668718}.Release|Any CPU.ActiveCfg = Release|Any CPU
		{889B54A9-B4C7-412F-91C3-655EAF668718}.Release|Any CPU.Build.0 = Release|Any CPU
		{F44A2B93-FBCC-4256-BC37-E6D46755479B}.Debug|Any CPU.ActiveCfg = Debug|Any CPU
		{F44A2B93-FBCC-4256-BC37-E6D46755479B}.Debug|Any CPU.Build.0 = Debug|Any CPU
		{F44A2B93-FBCC-4256-BC37-E6D46755479B}.Release|Any CPU.ActiveCfg = Release|Any CPU
		{F44A2B93-FBCC-4256-BC37-E6D46755479B}.Release|Any CPU.Build.0 = Release|Any CPU
		{C47DA068-9358-4772-A2BC-C264D064B921}.Debug|Any CPU.ActiveCfg = Debug|Any CPU
		{C47DA068-9358-4772-A2BC-C264D064B921}.Debug|Any CPU.Build.0 = Debug|Any CPU
		{C47DA068-9358-4772-A2BC-C264D064B921}.Release|Any CPU.ActiveCfg = Release|Any CPU
		{C47DA068-9358-4772-A2BC-C264D064B921}.Release|Any CPU.Build.0 = Release|Any CPU
		{46AAF14C-EEB6-4000-8628-799D616CD5F4}.Debug|Any CPU.ActiveCfg = Debug|Any CPU
		{46AAF14C-EEB6-4000-8628-799D616CD5F4}.Debug|Any CPU.Build.0 = Debug|Any CPU
		{46AAF14C-EEB6-4000-8628-799D616CD5F4}.Release|Any CPU.ActiveCfg = Release|Any CPU
		{46AAF14C-EEB6-4000-8628-799D616CD5F4}.Release|Any CPU.Build.0 = Release|Any CPU
	EndGlobalSection
	GlobalSection(SolutionProperties) = preSolution
		HideSolutionNode = FALSE
	EndGlobalSection
	GlobalSection(ExtensibilityGlobals) = postSolution
		SolutionGuid = {E1989B3A-10E4-43CC-805A-6AEC8A4C0954}
	EndGlobalSection
EndGlobal
